
Microsoft Visual Studio Solution File, Format Version 12.00
# Visual Studio 15
VisualStudioVersion = 15.0.27004.2009
MinimumVisualStudioVersion = 10.0.40219.1
Project("{FAE04EC0-301F-11D3-BF4B-00C04F79EFBC}") = "Games", "Games\Games.csproj", "{2E97CD7C-AF51-433D-B277-56FB04329396}"
EndProject
Project("{FAE04EC0-301F-11D3-BF4B-00C04F79EFBC}") = "Games.Tests", "Games.Tests\Games.Tests.csproj", "{72ADD963-E17F-45CC-ABE3-33055724F27A}"
EndProject
Project("{FAE04EC0-301F-11D3-BF4B-00C04F79EFBC}") = "Games_1_Menu", "Games_1_Menu\Games_1_Menu.csproj", "{1DD92657-0304-42F0-9958-716D42E4302C}"
EndProject
Project("{FAE04EC0-301F-11D3-BF4B-00C04F79EFBC}") = "Games_1_Menu.Tests", "Games_1_Menu.Tests\Games_1_Menu.Tests.csproj", "{A0BB4E89-D6DA-4ACC-9617-FBCC0D080F12}"
EndProject
Project("{FAE04EC0-301F-11D3-BF4B-00C04F79EFBC}") = "Examples", "Examples\Examples.csproj", "{D1CBFB2F-1970-4ABE-A9C0-8BCA87A2F55F}"
EndProject
Project("{FAE04EC0-301F-11D3-BF4B-00C04F79EFBC}") = "WorldSeriesWebScraper", "WorldSeriesWebScraper\WorldSeriesWebScraper.csproj", "{C9E93D45-6EE1-460C-90DD-B6FDD4A9AAD7}"
EndProject
Global
	GlobalSection(SolutionConfigurationPlatforms) = preSolution
		Debug|Any CPU = Debug|Any CPU
		Release|Any CPU = Release|Any CPU
	EndGlobalSection
	GlobalSection(ProjectConfigurationPlatforms) = postSolution
		{2E97CD7C-AF51-433D-B277-56FB04329396}.Debug|Any CPU.ActiveCfg = Debug|Any CPU
		{2E97CD7C-AF51-433D-B277-56FB04329396}.Debug|Any CPU.Build.0 = Debug|Any CPU
		{2E97CD7C-AF51-433D-B277-56FB04329396}.Release|Any CPU.ActiveCfg = Release|Any CPU
		{2E97CD7C-AF51-433D-B277-56FB04329396}.Release|Any CPU.Build.0 = Release|Any CPU
		{72ADD963-E17F-45CC-ABE3-33055724F27A}.Debug|Any CPU.ActiveCfg = Debug|Any CPU
		{72ADD963-E17F-45CC-ABE3-33055724F27A}.Debug|Any CPU.Build.0 = Debug|Any CPU
		{72ADD963-E17F-45CC-ABE3-33055724F27A}.Release|Any CPU.ActiveCfg = Release|Any CPU
		{72ADD963-E17F-45CC-ABE3-33055724F27A}.Release|Any CPU.Build.0 = Release|Any CPU
		{1DD92657-0304-42F0-9958-716D42E4302C}.Debug|Any CPU.ActiveCfg = Debug|Any CPU
		{1DD92657-0304-42F0-9958-716D42E4302C}.Debug|Any CPU.Build.0 = Debug|Any CPU
		{1DD92657-0304-42F0-9958-716D42E4302C}.Release|Any CPU.ActiveCfg = Release|Any CPU
		{1DD92657-0304-42F0-9958-716D42E4302C}.Release|Any CPU.Build.0 = Release|Any CPU
		{A0BB4E89-D6DA-4ACC-9617-FBCC0D080F12}.Debug|Any CPU.ActiveCfg = Debug|Any CPU
		{A0BB4E89-D6DA-4ACC-9617-FBCC0D080F12}.Debug|Any CPU.Build.0 = Debug|Any CPU
		{A0BB4E89-D6DA-4ACC-9617-FBCC0D080F12}.Release|Any CPU.ActiveCfg = Release|Any CPU
		{A0BB4E89-D6DA-4ACC-9617-FBCC0D080F12}.Release|Any CPU.Build.0 = Release|Any CPU
		{D1CBFB2F-1970-4ABE-A9C0-8BCA87A2F55F}.Debug|Any CPU.ActiveCfg = Debug|Any CPU
		{D1CBFB2F-1970-4ABE-A9C0-8BCA87A2F55F}.Debug|Any CPU.Build.0 = Debug|Any CPU
		{D1CBFB2F-1970-4ABE-A9C0-8BCA87A2F55F}.Release|Any CPU.ActiveCfg = Release|Any CPU
		{D1CBFB2F-1970-4ABE-A9C0-8BCA87A2F55F}.Release|Any CPU.Build.0 = Release|Any CPU
		{C9E93D45-6EE1-460C-90DD-B6FDD4A9AAD7}.Debug|Any CPU.ActiveCfg = Debug|Any CPU
		{C9E93D45-6EE1-460C-90DD-B6FDD4A9AAD7}.Debug|Any CPU.Build.0 = Debug|Any CPU
		{C9E93D45-6EE1-460C-90DD-B6FDD4A9AAD7}.Release|Any CPU.ActiveCfg = Release|Any CPU
		{C9E93D45-6EE1-460C-90DD-B6FDD4A9AAD7}.Release|Any CPU.Build.0 = Release|Any CPU
	EndGlobalSection
	GlobalSection(SolutionProperties) = preSolution
		HideSolutionNode = FALSE
	EndGlobalSection
	GlobalSection(ExtensibilityGlobals) = postSolution
		SolutionGuid = {88C488AF-E184-42E4-8D9D-4D45B883917B}
	EndGlobalSection
EndGlobal
